{
  "name": "tracelet",
  "version": "0.5.0",
  "lockfileVersion": 3,
  "requires": true,
  "packages": {
    "": {
      "name": "tracelet",
      "version": "0.5.0",
      "hasInstallScript": true,
      "license": "MIT",
      "workspaces": [
        "packages/*"
      ],
      "bin": {
        "tracelet": "bin/tracelet.js"
      },
      "engines": {
        "node": ">=18.0.0"
      }
    },
    "node_modules/tracelet-next": {
      "resolved": "packages/tracelet-next",
      "link": true
    },
    "node_modules/tracelet-vite": {
      "resolved": "packages/tracelet-vite",
      "link": true
    },
    "packages/tracelet-next": {
      "version": "0.5.0",
      "hasInstallScript": true,
      "license": "MIT",
      "peerDependencies": {
        "next": ">=13.0.0",
        "tracelet": "^0.5.0"
      }
    },
    "packages/tracelet-vite": {
      "version": "0.5.0",
      "license": "MIT",
      "peerDependencies": {
        "tracelet": "^0.5.0",
        "vite": ">=4.0.0"
      }
    }
  }
}
